// !$*UTF8*$!
{
	archiveVersion = 1;
	classes = {
	};
	objectVersion = 46;
	objects = {

/* Begin PBXBuildFile section */
		234F3A471F69211B00948CAB /* ParkInfoTableViewCell.swift in Sources */ = {isa = PBXBuildFile; fileRef = 234F3A451F69211B00948CAB /* ParkInfoTableViewCell.swift */; };
		234F3A481F69211B00948CAB /* ParkInfoTableViewCell.xib in Resources */ = {isa = PBXBuildFile; fileRef = 234F3A461F69211B00948CAB /* ParkInfoTableViewCell.xib */; };
		234F3A4B1F6925D500948CAB /* OKTableViewCell.swift in Sources */ = {isa = PBXBuildFile; fileRef = 234F3A491F6925D500948CAB /* OKTableViewCell.swift */; };
		234F3A4C1F6925D500948CAB /* OKTableViewCell.xib in Resources */ = {isa = PBXBuildFile; fileRef = 234F3A4A1F6925D500948CAB /* OKTableViewCell.xib */; };
		236D850C1F7B4E9100A6717E /* FirstViewController.swift in Sources */ = {isa = PBXBuildFile; fileRef = 236D850B1F7B4E9100A6717E /* FirstViewController.swift */; };
		236D85121F7B53A900A6717E /* tatemono_kouen.png in Resources */ = {isa = PBXBuildFile; fileRef = 236D85101F7B53A900A6717E /* tatemono_kouen.png */; };
		236D85131F7B53A900A6717E /* hawaii_waikiki.png in Resources */ = {isa = PBXBuildFile; fileRef = 236D85111F7B53A900A6717E /* hawaii_waikiki.png */; };
		23C31D3D1F7F429C0072BCD1 /* diamond_upholstery_@2X.png in Resources */ = {isa = PBXBuildFile; fileRef = 23C31D3C1F7F429C0072BCD1 /* diamond_upholstery_@2X.png */; };
		23C31D3F1F7F42A10072BCD1 /* green_dust_scratch_@2X.png in Resources */ = {isa = PBXBuildFile; fileRef = 23C31D3E1F7F42A10072BCD1 /* green_dust_scratch_@2X.png */; };
		23C31D411F7F42A50072BCD1 /* weather.png in Resources */ = {isa = PBXBuildFile; fileRef = 23C31D401F7F42A50072BCD1 /* weather.png */; };
		23DD60C91F68EA28002FF866 /* AppDelegate.swift in Sources */ = {isa = PBXBuildFile; fileRef = 23DD60C81F68EA28002FF866 /* AppDelegate.swift */; };
		23DD60CB1F68EA28002FF866 /* ListViewController.swift in Sources */ = {isa = PBXBuildFile; fileRef = 23DD60CA1F68EA28002FF866 /* ListViewController.swift */; };
		23DD60CE1F68EA28002FF866 /* Main.storyboard in Resources */ = {isa = PBXBuildFile; fileRef = 23DD60CC1F68EA28002FF866 /* Main.storyboard */; };
		23DD60D01F68EA28002FF866 /* Assets.xcassets in Resources */ = {isa = PBXBuildFile; fileRef = 23DD60CF1F68EA28002FF866 /* Assets.xcassets */; };
		23DD60D31F68EA28002FF866 /* LaunchScreen.storyboard in Resources */ = {isa = PBXBuildFile; fileRef = 23DD60D11F68EA28002FF866 /* LaunchScreen.storyboard */; };
		23DD60DB1F68F217002FF866 /* ParkViewController.swift in Sources */ = {isa = PBXBuildFile; fileRef = 23DD60DA1F68F217002FF866 /* ParkViewController.swift */; };
		23E037621F84AF4600EA4F56 /* Park.swift in Sources */ = {isa = PBXBuildFile; fileRef = 23E037611F84AF4600EA4F56 /* Park.swift */; };
		B8E92526116DFAAB93916287 /* Pods_ParkApp.framework in Frameworks */ = {isa = PBXBuildFile; fileRef = EC2F30012999A79FEE98C649 /* Pods_ParkApp.framework */; };
/* End PBXBuildFile section */

/* Begin PBXFileReference section */
		234F3A451F69211B00948CAB /* ParkInfoTableViewCell.swift */ = {isa = PBXFileReference; fileEncoding = 4; lastKnownFileType = sourcecode.swift; path = ParkInfoTableViewCell.swift; sourceTree = "<group>"; };
		234F3A461F69211B00948CAB /* ParkInfoTableViewCell.xib */ = {isa = PBXFileReference; fileEncoding = 4; lastKnownFileType = file.xib; path = ParkInfoTableViewCell.xib; sourceTree = "<group>"; };
		234F3A491F6925D500948CAB /* OKTableViewCell.swift */ = {isa = PBXFileReference; fileEncoding = 4; lastKnownFileType = sourcecode.swift; path = OKTableViewCell.swift; sourceTree = "<group>"; };
		234F3A4A1F6925D500948CAB /* OKTableViewCell.xib */ = {isa = PBXFileReference; fileEncoding = 4; lastKnownFileType = file.xib; path = OKTableViewCell.xib; sourceTree = "<group>"; };
		236D850B1F7B4E9100A6717E /* FirstViewController.swift */ = {isa = PBXFileReference; fileEncoding = 4; lastKnownFileType = sourcecode.swift; path = FirstViewController.swift; sourceTree = "<group>"; };
		236D85101F7B53A900A6717E /* tatemono_kouen.png */ = {isa = PBXFileReference; lastKnownFileType = image.png; path = tatemono_kouen.png; sourceTree = "<group>"; };
		236D85111F7B53A900A6717E /* hawaii_waikiki.png */ = {isa = PBXFileReference; lastKnownFileType = image.png; path = hawaii_waikiki.png; sourceTree = "<group>"; };
		23C31D3C1F7F429C0072BCD1 /* diamond_upholstery_@2X.png */ = {isa = PBXFileReference; lastKnownFileType = image.png; path = "diamond_upholstery_@2X.png"; sourceTree = "<group>"; };
		23C31D3E1F7F42A10072BCD1 /* green_dust_scratch_@2X.png */ = {isa = PBXFileReference; lastKnownFileType = image.png; path = "green_dust_scratch_@2X.png"; sourceTree = "<group>"; };
		23C31D401F7F42A50072BCD1 /* weather.png */ = {isa = PBXFileReference; lastKnownFileType = image.png; path = weather.png; sourceTree = "<group>"; };
		23DD60C51F68EA28002FF866 /* ParkApp.app */ = {isa = PBXFileReference; explicitFileType = wrapper.application; includeInIndex = 0; path = ParkApp.app; sourceTree = BUILT_PRODUCTS_DIR; };
		23DD60C81F68EA28002FF866 /* AppDelegate.swift */ = {isa = PBXFileReference; lastKnownFileType = sourcecode.swift; path = AppDelegate.swift; sourceTree = "<group>"; };
		23DD60CA1F68EA28002FF866 /* ListViewController.swift */ = {isa = PBXFileReference; lastKnownFileType = sourcecode.swift; path = ListViewController.swift; sourceTree = "<group>"; };
		23DD60CD1F68EA28002FF866 /* Base */ = {isa = PBXFileReference; lastKnownFileType = file.storyboard; name = Base; path = Base.lproj/Main.storyboard; sourceTree = "<group>"; };
		23DD60CF1F68EA28002FF866 /* Assets.xcassets */ = {isa = PBXFileReference; lastKnownFileType = folder.assetcatalog; path = Assets.xcassets; sourceTree = "<group>"; };
		23DD60D21F68EA28002FF866 /* Base */ = {isa = PBXFileReference; lastKnownFileType = file.storyboard; name = Base; path = Base.lproj/LaunchScreen.storyboard; sourceTree = "<group>"; };
		23DD60D41F68EA28002FF866 /* Info.plist */ = {isa = PBXFileReference; lastKnownFileType = text.plist.xml; path = Info.plist; sourceTree = "<group>"; };
		23DD60DA1F68F217002FF866 /* ParkViewController.swift */ = {isa = PBXFileReference; fileEncoding = 4; lastKnownFileType = sourcecode.swift; path = ParkViewController.swift; sourceTree = "<group>"; };
		23E037611F84AF4600EA4F56 /* Park.swift */ = {isa = PBXFileReference; fileEncoding = 4; lastKnownFileType = sourcecode.swift; path = Park.swift; sourceTree = "<group>"; };
		A9C1D7F1217A130073AFA185 /* Pods-ParkApp.debug.xcconfig */ = {isa = PBXFileReference; includeInIndex = 1; lastKnownFileType = text.xcconfig; name = "Pods-ParkApp.debug.xcconfig"; path = "Pods/Target Support Files/Pods-ParkApp/Pods-ParkApp.debug.xcconfig"; sourceTree = "<group>"; };
		BC1D5E323AA822F6E7CFD8FB /* Pods-ParkApp.release.xcconfig */ = {isa = PBXFileReference; includeInIndex = 1; lastKnownFileType = text.xcconfig; name = "Pods-ParkApp.release.xcconfig"; path = "Pods/Target Support Files/Pods-ParkApp/Pods-ParkApp.release.xcconfig"; sourceTree = "<group>"; };
		EC2F30012999A79FEE98C649 /* Pods_ParkApp.framework */ = {isa = PBXFileReference; explicitFileType = wrapper.framework; includeInIndex = 0; path = Pods_ParkApp.framework; sourceTree = BUILT_PRODUCTS_DIR; };
/* End PBXFileReference section */

/* Begin PBXFrameworksBuildPhase section */
		23DD60C21F68EA28002FF866 /* Frameworks */ = {
			isa = PBXFrameworksBuildPhase;
			buildActionMask = 2147483647;
			files = (
				B8E92526116DFAAB93916287 /* Pods_ParkApp.framework in Frameworks */,
			);
			runOnlyForDeploymentPostprocessing = 0;
		};
/* End PBXFrameworksBuildPhase section */

/* Begin PBXGroup section */
		236D850F1F7B531300A6717E /* Image */ = {
			isa = PBXGroup;
			children = (
				23C31D401F7F42A50072BCD1 /* weather.png */,
				23C31D3E1F7F42A10072BCD1 /* green_dust_scratch_@2X.png */,
				23C31D3C1F7F429C0072BCD1 /* diamond_upholstery_@2X.png */,
				236D85101F7B53A900A6717E /* tatemono_kouen.png */,
				236D85111F7B53A900A6717E /* hawaii_waikiki.png */,
			);
			name = Image;
			sourceTree = "<group>";
		};
		23DD60BC1F68EA28002FF866 = {
			isa = PBXGroup;
			children = (
				23DD60C71F68EA28002FF866 /* ParkApp */,
				23DD60C61F68EA28002FF866 /* Products */,
				34A2418A9CB7BC73A7106B15 /* Pods */,
				70402309CD9B095FD09F4A8E /* Frameworks */,
			);
			sourceTree = "<group>";
		};
		23DD60C61F68EA28002FF866 /* Products */ = {
			isa = PBXGroup;
			children = (
				23DD60C51F68EA28002FF866 /* ParkApp.app */,
			);
			name = Products;
			sourceTree = "<group>";
		};
		23DD60C71F68EA28002FF866 /* ParkApp */ = {
			isa = PBXGroup;
			children = (
				23E037611F84AF4600EA4F56 /* Park.swift */,
				23DD60C81F68EA28002FF866 /* AppDelegate.swift */,
				23DD60CA1F68EA28002FF866 /* ListViewController.swift */,
				236D850B1F7B4E9100A6717E /* FirstViewController.swift */,
				23DD60DA1F68F217002FF866 /* ParkViewController.swift */,
				234F3A451F69211B00948CAB /* ParkInfoTableViewCell.swift */,
				234F3A461F69211B00948CAB /* ParkInfoTableViewCell.xib */,
				234F3A491F6925D500948CAB /* OKTableViewCell.swift */,
				234F3A4A1F6925D500948CAB /* OKTableViewCell.xib */,
				23DD60CC1F68EA28002FF866 /* Main.storyboard */,
				23DD60CF1F68EA28002FF866 /* Assets.xcassets */,
				23DD60D11F68EA28002FF866 /* LaunchScreen.storyboard */,
				23DD60D41F68EA28002FF866 /* Info.plist */,
				236D850F1F7B531300A6717E /* Image */,
			);
			path = ParkApp;
			sourceTree = "<group>";
		};
		34A2418A9CB7BC73A7106B15 /* Pods */ = {
			isa = PBXGroup;
			children = (
				A9C1D7F1217A130073AFA185 /* Pods-ParkApp.debug.xcconfig */,
				BC1D5E323AA822F6E7CFD8FB /* Pods-ParkApp.release.xcconfig */,
			);
			name = Pods;
			sourceTree = "<group>";
		};
		70402309CD9B095FD09F4A8E /* Frameworks */ = {
			isa = PBXGroup;
			children = (
				EC2F30012999A79FEE98C649 /* Pods_ParkApp.framework */,
			);
			name = Frameworks;
			sourceTree = "<group>";
		};
/* End PBXGroup section */

/* Begin PBXNativeTarget section */
		23DD60C41F68EA28002FF866 /* ParkApp */ = {
			isa = PBXNativeTarget;
			buildConfigurationList = 23DD60D71F68EA28002FF866 /* Build configuration list for PBXNativeTarget "ParkApp" */;
			buildPhases = (
				22E918D53EE4B0FD08E5D1B0 /* [CP] Check Pods Manifest.lock */,
				23DD60C11F68EA28002FF866 /* Sources */,
				23DD60C21F68EA28002FF866 /* Frameworks */,
				23DD60C31F68EA28002FF866 /* Resources */,
				E011E9A35D5E4A44E5209978 /* [CP] Embed Pods Frameworks */,
				1698827D8A5F699329C9850C /* [CP] Copy Pods Resources */,
			);
			buildRules = (
			);
			dependencies = (
			);
			name = ParkApp;
			productName = ParkApp;
			productReference = 23DD60C51F68EA28002FF866 /* ParkApp.app */;
			productType = "com.apple.product-type.application";
		};
/* End PBXNativeTarget section */

/* Begin PBXProject section */
		23DD60BD1F68EA28002FF866 /* Project object */ = {
			isa = PBXProject;
			attributes = {
				LastSwiftUpdateCheck = 0830;
				LastUpgradeCheck = 0830;
				ORGANIZATIONNAME = nttresonant;
				TargetAttributes = {
					23DD60C41F68EA28002FF866 = {
						CreatedOnToolsVersion = 8.3.3;
						DevelopmentTeam = UGX5XJAP97;
						ProvisioningStyle = Automatic;
					};
				};
			};
			buildConfigurationList = 23DD60C01F68EA28002FF866 /* Build configuration list for PBXProject "ParkApp" */;
			compatibilityVersion = "Xcode 3.2";
			developmentRegion = English;
			hasScannedForEncodings = 0;
			knownRegions = (
				en,
				Base,
			);
			mainGroup = 23DD60BC1F68EA28002FF866;
			productRefGroup = 23DD60C61F68EA28002FF866 /* Products */;
			projectDirPath = "";
			projectRoot = "";
			targets = (
				23DD60C41F68EA28002FF866 /* ParkApp */,
			);
		};
/* End PBXProject section */

/* Begin PBXResourcesBuildPhase section */
		23DD60C31F68EA28002FF866 /* Resources */ = {
			isa = PBXResourcesBuildPhase;
			buildActionMask = 2147483647;
			files = (
				23C31D411F7F42A50072BCD1 /* weather.png in Resources */,
				23C31D3D1F7F429C0072BCD1 /* diamond_upholstery_@2X.png in Resources */,
				23C31D3F1F7F42A10072BCD1 /* green_dust_scratch_@2X.png in Resources */,
				23DD60D31F68EA28002FF866 /* LaunchScreen.storyboard in Resources */,
				23DD60D01F68EA28002FF866 /* Assets.xcassets in Resources */,
				236D85131F7B53A900A6717E /* hawaii_waikiki.png in Resources */,
				23DD60CE1F68EA28002FF866 /* Main.storyboard in Resources */,
				236D85121F7B53A900A6717E /* tatemono_kouen.png in Resources */,
				234F3A481F69211B00948CAB /* ParkInfoTableViewCell.xib in Resources */,
				234F3A4C1F6925D500948CAB /* OKTableViewCell.xib in Resources */,
			);
			runOnlyForDeploymentPostprocessing = 0;
		};
/* End PBXResourcesBuildPhase section */

/* Begin PBXShellScriptBuildPhase section */
		1698827D8A5F699329C9850C /* [CP] Copy Pods Resources */ = {
			isa = PBXShellScriptBuildPhase;
			buildActionMask = 2147483647;
			files = (
			);
			inputPaths = (
			);
			name = "[CP] Copy Pods Resources";
			outputPaths = (
			);
			runOnlyForDeploymentPostprocessing = 0;
			shellPath = /bin/sh;
			shellScript = "\"${SRCROOT}/Pods/Target Support Files/Pods-ParkApp/Pods-ParkApp-resources.sh\"\n";
			showEnvVarsInLog = 0;
		};
		22E918D53EE4B0FD08E5D1B0 /* [CP] Check Pods Manifest.lock */ = {
			isa = PBXShellScriptBuildPhase;
			buildActionMask = 2147483647;
			files = (
			);
			inputPaths = (
				"${PODS_PODFILE_DIR_PATH}/Podfile.lock",
				"${PODS_ROOT}/Manifest.lock",
			);
			name = "[CP] Check Pods Manifest.lock";
			outputPaths = (
				"$(DERIVED_FILE_DIR)/Pods-ParkApp-checkManifestLockResult.txt",
			);
			runOnlyForDeploymentPostprocessing = 0;
			shellPath = /bin/sh;
			shellScript = "diff \"${PODS_PODFILE_DIR_PATH}/Podfile.lock\" \"${PODS_ROOT}/Manifest.lock\" > /dev/null\nif [ $? != 0 ] ; then\n    # print error to STDERR\n    echo \"error: The sandbox is not in sync with the Podfile.lock. Run 'pod install' or update your CocoaPods installation.\" >&2\n    exit 1\nfi\n# This output is used by Xcode 'outputs' to avoid re-running this script phase.\necho \"SUCCESS\" > \"${SCRIPT_OUTPUT_FILE_0}\"\n";
			showEnvVarsInLog = 0;
		};
		E011E9A35D5E4A44E5209978 /* [CP] Embed Pods Frameworks */ = {
			isa = PBXShellScriptBuildPhase;
			buildActionMask = 2147483647;
			files = (
			);
			inputPaths = (
				"${SRCROOT}/Pods/Target Support Files/Pods-ParkApp/Pods-ParkApp-frameworks.sh",
				"${BUILT_PRODUCTS_DIR}/NCMB/NCMB.framework",
				"${BUILT_PRODUCTS_DIR}/NYXImagesKit/NYXImagesKit.framework",
				"${BUILT_PRODUCTS_DIR}/SVProgressHUD/SVProgressHUD.framework",
			);
			name = "[CP] Embed Pods Frameworks";
			outputPaths = (
				"${TARGET_BUILD_DIR}/${FRAMEWORKS_FOLDER_PATH}/NCMB.framework",
				"${TARGET_BUILD_DIR}/${FRAMEWORKS_FOLDER_PATH}/NYXImagesKit.framework",
				"${TARGET_BUILD_DIR}/${FRAMEWORKS_FOLDER_PATH}/SVProgressHUD.framework",
			);
			runOnlyForDeploymentPostprocessing = 0;
			shellPath = /bin/sh;
			shellScript = "\"${SRCROOT}/Pods/Target Support Files/Pods-ParkApp/Pods-ParkApp-frameworks.sh\"\n";
			showEnvVarsInLog = 0;
		};
/* End PBXShellScriptBuildPhase section */

/* Begin PBXSourcesBuildPhase section */
		23DD60C11F68EA28002FF866 /* Sources */ = {
			isa = PBXSourcesBuildPhase;
			buildActionMask = 2147483647;
			files = (
				234F3A4B1F6925D500948CAB /* OKTableViewCell.swift in Sources */,
				23E037621F84AF4600EA4F56 /* Park.swift in Sources */,
				23DD60DB1F68F217002FF866 /* ParkViewController.swift in Sources */,
				23DD60CB1F68EA28002FF866 /* ListViewController.swift in Sources */,
				236D850C1F7B4E9100A6717E /* FirstViewController.swift in Sources */,
				23DD60C91F68EA28002FF866 /* AppDelegate.swift in Sources */,
				234F3A471F69211B00948CAB /* ParkInfoTableViewCell.swift in Sources */,
			);
			runOnlyForDeploymentPostprocessing = 0;
		};
/* End PBXSourcesBuildPhase section */

/* Begin PBXVariantGroup section */
		23DD60CC1F68EA28002FF866 /* Main.storyboard */ = {
			isa = PBXVariantGroup;
			children = (
				23DD60CD1F68EA28002FF866 /* Base */,
			);
			name = Main.storyboard;
			sourceTree = "<group>";
		};
		23DD60D11F68EA28002FF866 /* LaunchScreen.storyboard */ = {
			isa = PBXVariantGroup;
			children = (
				23DD60D21F68EA28002FF866 /* Base */,
			);
			name = LaunchScreen.storyboard;
			sourceTree = "<group>";
		};
/* End PBXVariantGroup section */

/* Begin XCBuildConfiguration section */
		23DD60D51F68EA28002FF866 /* Debug */ = {
			isa = XCBuildConfiguration;
			buildSettings = {
				ALWAYS_SEARCH_USER_PATHS = NO;
				CLANG_ANALYZER_NONNULL = YES;
				CLANG_ANALYZER_NUMBER_OBJECT_CONVERSION = YES_AGGRESSIVE;
				CLANG_CXX_LANGUAGE_STANDARD = "gnu++0x";
				CLANG_CXX_LIBRARY = "libc++";
				CLANG_ENABLE_MODULES = YES;
				CLANG_ENABLE_OBJC_ARC = YES;
				CLANG_WARN_BOOL_CONVERSION = YES;
				CLANG_WARN_CONSTANT_CONVERSION = YES;
				CLANG_WARN_DIRECT_OBJC_ISA_USAGE = YES_ERROR;
				CLANG_WARN_DOCUMENTATION_COMMENTS = YES;
				CLANG_WARN_EMPTY_BODY = YES;
				CLANG_WARN_ENUM_CONVERSION = YES;
				CLANG_WARN_INFINITE_RECURSION = YES;
				CLANG_WARN_INT_CONVERSION = YES;
				CLANG_WARN_OBJC_ROOT_CLASS = YES_ERROR;
				CLANG_WARN_SUSPICIOUS_MOVE = YES;
				CLANG_WARN_UNREACHABLE_CODE = YES;
				CLANG_WARN__DUPLICATE_METHOD_MATCH = YES;
				"CODE_SIGN_IDENTITY[sdk=iphoneos*]" = "iPhone Developer";
				COPY_PHASE_STRIP = NO;
				DEBUG_INFORMATION_FORMAT = dwarf;
				ENABLE_STRICT_OBJC_MSGSEND = YES;
				ENABLE_TESTABILITY = YES;
				GCC_C_LANGUAGE_STANDARD = gnu99;
				GCC_DYNAMIC_NO_PIC = NO;
				GCC_NO_COMMON_BLOCKS = YES;
				GCC_OPTIMIZATION_LEVEL = 0;
				GCC_PREPROCESSOR_DEFINITIONS = (
					"DEBUG=1",
					"$(inherited)",
				);
				GCC_WARN_64_TO_32_BIT_CONVERSION = YES;
				GCC_WARN_ABOUT_RETURN_TYPE = YES_ERROR;
				GCC_WARN_UNDECLARED_SELECTOR = YES;
				GCC_WARN_UNINITIALIZED_AUTOS = YES_AGGRESSIVE;
				GCC_WARN_UNUSED_FUNCTION = YES;
				GCC_WARN_UNUSED_VARIABLE = YES;
				IPHONEOS_DEPLOYMENT_TARGET = 10.3;
				MTL_ENABLE_DEBUG_INFO = YES;
				ONLY_ACTIVE_ARCH = YES;
				SDKROOT = iphoneos;
				SWIFT_ACTIVE_COMPILATION_CONDITIONS = DEBUG;
				SWIFT_OPTIMIZATION_LEVEL = "-Onone";
			};
			name = Debug;
		};
		23DD60D61F68EA28002FF866 /* Release */ = {
			isa = XCBuildConfiguration;
			buildSettings = {
				ALWAYS_SEARCH_USER_PATHS = NO;
				CLANG_ANALYZER_NONNULL = YES;
				CLANG_ANALYZER_NUMBER_OBJECT_CONVERSION = YES_AGGRESSIVE;
				CLANG_CXX_LANGUAGE_STANDARD = "gnu++0x";
				CLANG_CXX_LIBRARY = "libc++";
				CLANG_ENABLE_MODULES = YES;
				CLANG_ENABLE_OBJC_ARC = YES;
				CLANG_WARN_BOOL_CONVERSION = YES;
				CLANG_WARN_CONSTANT_CONVERSION = YES;
				CLANG_WARN_DIRECT_OBJC_ISA_USAGE = YES_ERROR;
				CLANG_WARN_DOCUMENTATION_COMMENTS = YES;
				CLANG_WARN_EMPTY_BODY = YES;
				CLANG_WARN_ENUM_CONVERSION = YES;
				CLANG_WARN_INFINITE_RECURSION = YES;
				CLANG_WARN_INT_CONVERSION = YES;
				CLANG_WARN_OBJC_ROOT_CLASS = YES_ERROR;
				CLANG_WARN_SUSPICIOUS_MOVE = YES;
				CLANG_WARN_UNREACHABLE_CODE = YES;
				CLANG_WARN__DUPLICATE_METHOD_MATCH = YES;
				"CODE_SIGN_IDENTITY[sdk=iphoneos*]" = "iPhone Developer";
				COPY_PHASE_STRIP = NO;
				DEBUG_INFORMATION_FORMAT = "dwarf-with-dsym";
				ENABLE_NS_ASSERTIONS = NO;
				ENABLE_STRICT_OBJC_MSGSEND = YES;
				GCC_C_LANGUAGE_STANDARD = gnu99;
				GCC_NO_COMMON_BLOCKS = YES;
				GCC_WARN_64_TO_32_BIT_CONVERSION = YES;
				GCC_WARN_ABOUT_RETURN_TYPE = YES_ERROR;
				GCC_WARN_UNDECLARED_SELECTOR = YES;
				GCC_WARN_UNINITIALIZED_AUTOS = YES_AGGRESSIVE;
				GCC_WARN_UNUSED_FUNCTION = YES;
				GCC_WARN_UNUSED_VARIABLE = YES;
				IPHONEOS_DEPLOYMENT_TARGET = 10.3;
				MTL_ENABLE_DEBUG_INFO = NO;
				SDKROOT = iphoneos;
				SWIFT_OPTIMIZATION_LEVEL = "-Owholemodule";
				VALIDATE_PRODUCT = YES;
			};
			name = Release;
		};
		23DD60D81F68EA28002FF866 /* Debug */ = {
			isa = XCBuildConfiguration;
			baseConfigurationReference = A9C1D7F1217A130073AFA185 /* Pods-ParkApp.debug.xcconfig */;
			buildSettings = {
				ASSETCATALOG_COMPILER_APPICON_NAME = AppIcon;
				DEVELOPMENT_TEAM = UGX5XJAP97;
				INFOPLIST_FILE = ParkApp/Info.plist;
				LD_RUNPATH_SEARCH_PATHS = "$(inherited) @executable_path/Frameworks";
				PRODUCT_BUNDLE_IDENTIFIER = nttresonat.ParkApp;
				PRODUCT_NAME = "$(TARGET_NAME)";
				SWIFT_VERSION = 3.0;
			};
			name = Debug;
		};
		23DD60D91F68EA28002FF866 /* Release */ = {
			isa = XCBuildConfiguration;
			baseConfigurationReference = BC1D5E323AA822F6E7CFD8FB /* Pods-ParkApp.release.xcconfig */;
			buildSettings = {
				ASSETCATALOG_COMPILER_APPICON_NAME = AppIcon;
				DEVELOPMENT_TEAM = UGX5XJAP97;
				INFOPLIST_FILE = ParkApp/Info.plist;
				LD_RUNPATH_SEARCH_PATHS = "$(inherited) @executable_path/Frameworks";
				PRODUCT_BUNDLE_IDENTIFIER = nttresonat.ParkApp;
				PRODUCT_NAME = "$(TARGET_NAME)";
				SWIFT_VERSION = 3.0;
			};
			name = Release;
		};
/* End XCBuildConfiguration section */

/* Begin XCConfigurationList section */
		23DD60C01F68EA28002FF866 /* Build configuration list for PBXProject "ParkApp" */ = {
			isa = XCConfigurationList;
			buildConfigurations = (
				23DD60D51F68EA28002FF866 /* Debug */,
				23DD60D61F68EA28002FF866 /* Release */,
			);
			defaultConfigurationIsVisible = 0;
			defaultConfigurationName = Release;
		};
		23DD60D71F68EA28002FF866 /* Build configuration list for PBXNativeTarget "ParkApp" */ = {
			isa = XCConfigurationList;
			buildConfigurations = (
				23DD60D81F68EA28002FF866 /* Debug */,
				23DD60D91F68EA28002FF866 /* Release */,
			);
			defaultConfigurationIsVisible = 0;
			defaultConfigurationName = Release;
		};
/* End XCConfigurationList section */
	};
	rootObject = 23DD60BD1F68EA28002FF866 /* Project object */;
}
